
Microsoft Visual Studio Solution File, Format Version 11.00
# Visual Studio 2010
Project("{8BC9CEB8-8B4A-11D0-8D11-00A0C91BC942}") = "Practice0", "Practice0\Practice0.vcxproj", "{69068271-2FFD-41AD-B791-FBBFFE9DC24E}"
EndProject
Project("{8BC9CEB8-8B4A-11D0-8D11-00A0C91BC942}") = "Practice1", "Practice1\Practice1.vcxproj", "{4C161B7E-AAF6-4A68-99CB-9BEB2635E45F}"
EndProject
Project("{8BC9CEB8-8B4A-11D0-8D11-00A0C91BC942}") = "Practice2", "Practice2\Practice2.vcxproj", "{93B49F23-4FD6-4E6C-AA23-1D35CA79A9CD}"
EndProject
Global
	GlobalSection(SolutionConfigurationPlatforms) = preSolution
		Debug|Win32 = Debug|Win32
		Release|Win32 = Release|Win32
	EndGlobalSection
	GlobalSection(ProjectConfigurationPlatforms) = postSolution
		{69068271-2FFD-41AD-B791-FBBFFE9DC24E}.Debug|Win32.ActiveCfg = Debug|Win32
		{69068271-2FFD-41AD-B791-FBBFFE9DC24E}.Debug|Win32.Build.0 = Debug|Win32
		{69068271-2FFD-41AD-B791-FBBFFE9DC24E}.Release|Win32.ActiveCfg = Release|Win32
		{69068271-2FFD-41AD-B791-FBBFFE9DC24E}.Release|Win32.Build.0 = Release|Win32
		{4C161B7E-AAF6-4A68-99CB-9BEB2635E45F}.Debug|Win32.ActiveCfg = Debug|Win32
		{4C161B7E-AAF6-4A68-99CB-9BEB2635E45F}.Debug|Win32.Build.0 = Debug|Win32
		{4C161B7E-AAF6-4A68-99CB-9BEB2635E45F}.Release|Win32.ActiveCfg = Release|Win32
		{4C161B7E-AAF6-4A68-99CB-9BEB2635E45F}.Release|Win32.Build.0 = Release|Win32
		{93B49F23-4FD6-4E6C-AA23-1D35CA79A9CD}.Debug|Win32.ActiveCfg = Debug|Win32
		{93B49F23-4FD6-4E6C-AA23-1D35CA79A9CD}.Debug|Win32.Build.0 = Debug|Win32
		{93B49F23-4FD6-4E6C-AA23-1D35CA79A9CD}.Release|Win32.ActiveCfg = Release|Win32
		{93B49F23-4FD6-4E6C-AA23-1D35CA79A9CD}.Release|Win32.Build.0 = Release|Win32
	EndGlobalSection
	GlobalSection(SolutionProperties) = preSolution
		HideSolutionNode = FALSE
	EndGlobalSection
EndGlobal
